
Microsoft Visual Studio Solution File, Format Version 10.00
# Visual Studio 2008
Project("{8BC9CEB8-8B4A-11D0-8D11-00A0C91BC942}") = "Tower Defense", "Tower Defense\Tower Defense.vcproj", "{1FE3BE4E-65F6-450C-8FCD-414D4313DCA9}"
EndProject
Global
	GlobalSection(SolutionConfigurationPlatforms) = preSolution
		Debug|Win32 = Debug|Win32
		Release|Win32 = Release|Win32
	EndGlobalSection
	GlobalSection(ProjectConfigurationPlatforms) = postSolution
		{1FE3BE4E-65F6-450C-8FCD-414D4313DCA9}.Debug|Win32.ActiveCfg = Debug|Win32
		{1FE3BE4E-65F6-450C-8FCD-414D4313DCA9}.Debug|Win32.Build.0 = Debug|Win32
		{1FE3BE4E-65F6-450C-8FCD-414D4313DCA9}.Release|Win32.ActiveCfg = Release|Win32
		{1FE3BE4E-65F6-450C-8FCD-414D4313DCA9}.Release|Win32.Build.0 = Release|Win32
	EndGlobalSection
	GlobalSection(SolutionProperties) = preSolution
		HideSolutionNode = FALSE
	EndGlobalSection
EndGlobal
